
Microsoft Visual Studio Solution File, Format Version 12.00
# Visual Studio 15
VisualStudioVersion = 15.0.28010.2041
MinimumVisualStudioVersion = 10.0.40219.1
Project("{8BC9CEB8-8B4A-11D0-8D11-00A0C91BC942}") = "Aula0410", "Aula0410\Aula0410.vcxproj", "{336A26AA-8659-487F-B6D1-68BC7E45B449}"
EndProject
Project("{8BC9CEB8-8B4A-11D0-8D11-00A0C91BC942}") = "Aula1110_Funcoes", "Aula1110_Funcoes\Aula1110_Funcoes.vcxproj", "{891DA7B6-AE99-495B-A46A-E123EA97E587}"
EndProject
Project("{8BC9CEB8-8B4A-11D0-8D11-00A0C91BC942}") = "Aula0910", "Aula0910\Aula0910.vcxproj", "{C2ED789A-FF80-41A1-A2A7-FFF6027F5D2F}"
EndProject
Project("{8BC9CEB8-8B4A-11D0-8D11-00A0C91BC942}") = "Aula1110_CalculadoraSimples", "Aula1110_CalculadoraSimples\Aula1110_CalculadoraSimples.vcxproj", "{31447CC7-199D-49D7-BECE-544FBB67F368}"
EndProject
Project("{8BC9CEB8-8B4A-11D0-8D11-00A0C91BC942}") = "Aula1610_CalculadoraDojo", "Calculadora_Aula1610\Calculadora_Aula1610.vcxproj", "{C7DA900E-798D-419E-8920-0FBFBD9EE082}"
EndProject
Project("{8BC9CEB8-8B4A-11D0-8D11-00A0C91BC942}") = "Aula1610_Condicionais", "Aula1610_Condicionais\Aula1610_Condicionais.vcxproj", "{D0BB7CAD-BFFD-44CF-8971-3A1F1A38F03D}"
EndProject
Global
	GlobalSection(SolutionConfigurationPlatforms) = preSolution
		Debug|x64 = Debug|x64
		Debug|x86 = Debug|x86
		Release|x64 = Release|x64
		Release|x86 = Release|x86
	EndGlobalSection
	GlobalSection(ProjectConfigurationPlatforms) = postSolution
		{336A26AA-8659-487F-B6D1-68BC7E45B449}.Debug|x64.ActiveCfg = Debug|x64
		{336A26AA-8659-487F-B6D1-68BC7E45B449}.Debug|x64.Build.0 = Debug|x64
		{336A26AA-8659-487F-B6D1-68BC7E45B449}.Debug|x86.ActiveCfg = Debug|Win32
		{336A26AA-8659-487F-B6D1-68BC7E45B449}.Debug|x86.Build.0 = Debug|Win32
		{336A26AA-8659-487F-B6D1-68BC7E45B449}.Release|x64.ActiveCfg = Release|x64
		{336A26AA-8659-487F-B6D1-68BC7E45B449}.Release|x64.Build.0 = Release|x64
		{336A26AA-8659-487F-B6D1-68BC7E45B449}.Release|x86.ActiveCfg = Release|Win32
		{336A26AA-8659-487F-B6D1-68BC7E45B449}.Release|x86.Build.0 = Release|Win32
		{891DA7B6-AE99-495B-A46A-E123EA97E587}.Debug|x64.ActiveCfg = Debug|x64
		{891DA7B6-AE99-495B-A46A-E123EA97E587}.Debug|x64.Build.0 = Debug|x64
		{891DA7B6-AE99-495B-A46A-E123EA97E587}.Debug|x86.ActiveCfg = Debug|Win32
		{891DA7B6-AE99-495B-A46A-E123EA97E587}.Debug|x86.Build.0 = Debug|Win32
		{891DA7B6-AE99-495B-A46A-E123EA97E587}.Release|x64.ActiveCfg = Release|x64
		{891DA7B6-AE99-495B-A46A-E123EA97E587}.Release|x64.Build.0 = Release|x64
		{891DA7B6-AE99-495B-A46A-E123EA97E587}.Release|x86.ActiveCfg = Release|Win32
		{891DA7B6-AE99-495B-A46A-E123EA97E587}.Release|x86.Build.0 = Release|Win32
		{C2ED789A-FF80-41A1-A2A7-FFF6027F5D2F}.Debug|x64.ActiveCfg = Debug|x64
		{C2ED789A-FF80-41A1-A2A7-FFF6027F5D2F}.Debug|x64.Build.0 = Debug|x64
		{C2ED789A-FF80-41A1-A2A7-FFF6027F5D2F}.Debug|x86.ActiveCfg = Debug|Win32
		{C2ED789A-FF80-41A1-A2A7-FFF6027F5D2F}.Debug|x86.Build.0 = Debug|Win32
		{C2ED789A-FF80-41A1-A2A7-FFF6027F5D2F}.Release|x64.ActiveCfg = Release|x64
		{C2ED789A-FF80-41A1-A2A7-FFF6027F5D2F}.Release|x64.Build.0 = Release|x64
		{C2ED789A-FF80-41A1-A2A7-FFF6027F5D2F}.Release|x86.ActiveCfg = Release|Win32
		{C2ED789A-FF80-41A1-A2A7-FFF6027F5D2F}.Release|x86.Build.0 = Release|Win32
		{31447CC7-199D-49D7-BECE-544FBB67F368}.Debug|x64.ActiveCfg = Debug|x64
		{31447CC7-199D-49D7-BECE-544FBB67F368}.Debug|x64.Build.0 = Debug|x64
		{31447CC7-199D-49D7-BECE-544FBB67F368}.Debug|x86.ActiveCfg = Debug|Win32
		{31447CC7-199D-49D7-BECE-544FBB67F368}.Debug|x86.Build.0 = Debug|Win32
		{31447CC7-199D-49D7-BECE-544FBB67F368}.Release|x64.ActiveCfg = Release|x64
		{31447CC7-199D-49D7-BECE-544FBB67F368}.Release|x64.Build.0 = Release|x64
		{31447CC7-199D-49D7-BECE-544FBB67F368}.Release|x86.ActiveCfg = Release|Win32
		{31447CC7-199D-49D7-BECE-544FBB67F368}.Release|x86.Build.0 = Release|Win32
		{C7DA900E-798D-419E-8920-0FBFBD9EE082}.Debug|x64.ActiveCfg = Debug|x64
		{C7DA900E-798D-419E-8920-0FBFBD9EE082}.Debug|x64.Build.0 = Debug|x64
		{C7DA900E-798D-419E-8920-0FBFBD9EE082}.Debug|x86.ActiveCfg = Debug|Win32
		{C7DA900E-798D-419E-8920-0FBFBD9EE082}.Debug|x86.Build.0 = Debug|Win32
		{C7DA900E-798D-419E-8920-0FBFBD9EE082}.Release|x64.ActiveCfg = Release|x64
		{C7DA900E-798D-419E-8920-0FBFBD9EE082}.Release|x64.Build.0 = Release|x64
		{C7DA900E-798D-419E-8920-0FBFBD9EE082}.Release|x86.ActiveCfg = Release|Win32
		{C7DA900E-798D-419E-8920-0FBFBD9EE082}.Release|x86.Build.0 = Release|Win32
		{D0BB7CAD-BFFD-44CF-8971-3A1F1A38F03D}.Debug|x64.ActiveCfg = Debug|x64
		{D0BB7CAD-BFFD-44CF-8971-3A1F1A38F03D}.Debug|x64.Build.0 = Debug|x64
		{D0BB7CAD-BFFD-44CF-8971-3A1F1A38F03D}.Debug|x86.ActiveCfg = Debug|Win32
		{D0BB7CAD-BFFD-44CF-8971-3A1F1A38F03D}.Debug|x86.Build.0 = Debug|Win32
		{D0BB7CAD-BFFD-44CF-8971-3A1F1A38F03D}.Release|x64.ActiveCfg = Release|x64
		{D0BB7CAD-BFFD-44CF-8971-3A1F1A38F03D}.Release|x64.Build.0 = Release|x64
		{D0BB7CAD-BFFD-44CF-8971-3A1F1A38F03D}.Release|x86.ActiveCfg = Release|Win32
		{D0BB7CAD-BFFD-44CF-8971-3A1F1A38F03D}.Release|x86.Build.0 = Release|Win32
	EndGlobalSection
	GlobalSection(SolutionProperties) = preSolution
		HideSolutionNode = FALSE
	EndGlobalSection
	GlobalSection(ExtensibilityGlobals) = postSolution
		SolutionGuid = {0E7FB7E2-BF79-42A3-BD12-1C557E27CF47}
	EndGlobalSection
EndGlobal
