
Microsoft Visual Studio Solution File, Format Version 12.00
# Visual Studio 15
VisualStudioVersion = 15.0.28010.2041
MinimumVisualStudioVersion = 10.0.40219.1
Project("{8BC9CEB8-8B4A-11D0-8D11-00A0C91BC942}") = "Aula0410", "Aula0410\Aula0410.vcxproj", "{336A26AA-8659-487F-B6D1-68BC7E45B449}"
EndProject
Project("{8BC9CEB8-8B4A-11D0-8D11-00A0C91BC942}") = "Aula1110_Funcoes", "Aula1110_Funcoes\Aula1110_Funcoes.vcxproj", "{891DA7B6-AE99-495B-A46A-E123EA97E587}"
EndProject
Project("{8BC9CEB8-8B4A-11D0-8D11-00A0C91BC942}") = "Aula0910", "Aula0910\Aula0910.vcxproj", "{C2ED789A-FF80-41A1-A2A7-FFF6027F5D2F}"
EndProject
Project("{8BC9CEB8-8B4A-11D0-8D11-00A0C91BC942}") = "Aula1110_CalculadoraSimples", "Aula1110_CalculadoraSimples\Aula1110_CalculadoraSimples.vcxproj", "{31447CC7-199D-49D7-BECE-544FBB67F368}"
EndProject
Project("{8BC9CEB8-8B4A-11D0-8D11-00A0C91BC942}") = "Aula1610_CalculadoraDojo", "Calculadora_Aula1610\Calculadora_Aula1610.vcxproj", "{C7DA900E-798D-419E-8920-0FBFBD9EE082}"
EndProject
Project("{8BC9CEB8-8B4A-11D0-8D11-00A0C91BC942}") = "Aula1610_Condicionais", "Aula1610_Condicionais\Aula1610_Condicionais.vcxproj", "{D0BB7CAD-BFFD-44CF-8971-3A1F1A38F03D}"
EndProject
Project("{8BC9CEB8-8B4A-11D0-8D11-00A0C91BC942}") = "Aula1810_condicionais", "Aula1810_condicionais\Aula1810_condicionais.vcxproj", "{5D479243-3FE4-4FF0-B632-D11B5E5427E5}"
EndProject
Project("{8BC9CEB8-8B4A-11D0-8D11-00A0C91BC942}") = "Aula2310_Condicionais", "Aula2310_Condicionais\Aula2310_Condicionais.vcxproj", "{13A3C150-84F7-47AF-A36E-FFB456FC0D76}"
EndProject
Project("{8BC9CEB8-8B4A-11D0-8D11-00A0C91BC942}") = "Aula2310_Switch", "Aula2310_Switch\Aula2310_Switch.vcxproj", "{DFE54062-8F38-4A92-B2CC-3369866A31A4}"
EndProject
Project("{8BC9CEB8-8B4A-11D0-8D11-00A0C91BC942}") = "Aula2510_Repeticoes", "Aula2510_Repeticoes\Aula2510_Repeticoes.vcxproj", "{E2E2365D-BB9D-4E57-838E-EE64A32DF7CF}"
EndProject
Project("{8BC9CEB8-8B4A-11D0-8D11-00A0C91BC942}") = "Aula0611_Exercicios_Geraldo", "Aula0611_Geraldo\Aula0611_Geraldo.vcxproj", "{AA44FC22-10FB-43B8-BC2B-C62120435FD0}"
EndProject
Project("{8BC9CEB8-8B4A-11D0-8D11-00A0C91BC942}") = "Aula0811_Ponteiros", "Aula0811_Ponteiros\Aula0811_Ponteiros.vcxproj", "{66B6764D-65C2-40D5-B49A-C528F1C730B2}"
EndProject
Project("{8BC9CEB8-8B4A-11D0-8D11-00A0C91BC942}") = "Aula1311", "Aula1311\Aula1311.vcxproj", "{7CB0CCAB-DC99-43BC-AA3B-90C6A3B52397}"
EndProject
Project("{8BC9CEB8-8B4A-11D0-8D11-00A0C91BC942}") = "Aula2011_Exercicio", "Aula2011_Exercicio\Aula2011_Exercicio.vcxproj", "{04DF808D-CADA-450E-962D-FDCF77E7A51F}"
EndProject
Global
	GlobalSection(SolutionConfigurationPlatforms) = preSolution
		Debug|x64 = Debug|x64
		Debug|x86 = Debug|x86
		Release|x64 = Release|x64
		Release|x86 = Release|x86
	EndGlobalSection
	GlobalSection(ProjectConfigurationPlatforms) = postSolution
		{336A26AA-8659-487F-B6D1-68BC7E45B449}.Debug|x64.ActiveCfg = Debug|x64
		{336A26AA-8659-487F-B6D1-68BC7E45B449}.Debug|x64.Build.0 = Debug|x64
		{336A26AA-8659-487F-B6D1-68BC7E45B449}.Debug|x86.ActiveCfg = Debug|Win32
		{336A26AA-8659-487F-B6D1-68BC7E45B449}.Debug|x86.Build.0 = Debug|Win32
		{336A26AA-8659-487F-B6D1-68BC7E45B449}.Release|x64.ActiveCfg = Release|x64
		{336A26AA-8659-487F-B6D1-68BC7E45B449}.Release|x64.Build.0 = Release|x64
		{336A26AA-8659-487F-B6D1-68BC7E45B449}.Release|x86.ActiveCfg = Release|Win32
		{336A26AA-8659-487F-B6D1-68BC7E45B449}.Release|x86.Build.0 = Release|Win32
		{891DA7B6-AE99-495B-A46A-E123EA97E587}.Debug|x64.ActiveCfg = Debug|x64
		{891DA7B6-AE99-495B-A46A-E123EA97E587}.Debug|x64.Build.0 = Debug|x64
		{891DA7B6-AE99-495B-A46A-E123EA97E587}.Debug|x86.ActiveCfg = Debug|Win32
		{891DA7B6-AE99-495B-A46A-E123EA97E587}.Debug|x86.Build.0 = Debug|Win32
		{891DA7B6-AE99-495B-A46A-E123EA97E587}.Release|x64.ActiveCfg = Release|x64
		{891DA7B6-AE99-495B-A46A-E123EA97E587}.Release|x64.Build.0 = Release|x64
		{891DA7B6-AE99-495B-A46A-E123EA97E587}.Release|x86.ActiveCfg = Release|Win32
		{891DA7B6-AE99-495B-A46A-E123EA97E587}.Release|x86.Build.0 = Release|Win32
		{C2ED789A-FF80-41A1-A2A7-FFF6027F5D2F}.Debug|x64.ActiveCfg = Debug|x64
		{C2ED789A-FF80-41A1-A2A7-FFF6027F5D2F}.Debug|x64.Build.0 = Debug|x64
		{C2ED789A-FF80-41A1-A2A7-FFF6027F5D2F}.Debug|x86.ActiveCfg = Debug|Win32
		{C2ED789A-FF80-41A1-A2A7-FFF6027F5D2F}.Debug|x86.Build.0 = Debug|Win32
		{C2ED789A-FF80-41A1-A2A7-FFF6027F5D2F}.Release|x64.ActiveCfg = Release|x64
		{C2ED789A-FF80-41A1-A2A7-FFF6027F5D2F}.Release|x64.Build.0 = Release|x64
		{C2ED789A-FF80-41A1-A2A7-FFF6027F5D2F}.Release|x86.ActiveCfg = Release|Win32
		{C2ED789A-FF80-41A1-A2A7-FFF6027F5D2F}.Release|x86.Build.0 = Release|Win32
		{31447CC7-199D-49D7-BECE-544FBB67F368}.Debug|x64.ActiveCfg = Debug|x64
		{31447CC7-199D-49D7-BECE-544FBB67F368}.Debug|x64.Build.0 = Debug|x64
		{31447CC7-199D-49D7-BECE-544FBB67F368}.Debug|x86.ActiveCfg = Debug|Win32
		{31447CC7-199D-49D7-BECE-544FBB67F368}.Debug|x86.Build.0 = Debug|Win32
		{31447CC7-199D-49D7-BECE-544FBB67F368}.Release|x64.ActiveCfg = Release|x64
		{31447CC7-199D-49D7-BECE-544FBB67F368}.Release|x64.Build.0 = Release|x64
		{31447CC7-199D-49D7-BECE-544FBB67F368}.Release|x86.ActiveCfg = Release|Win32
		{31447CC7-199D-49D7-BECE-544FBB67F368}.Release|x86.Build.0 = Release|Win32
		{C7DA900E-798D-419E-8920-0FBFBD9EE082}.Debug|x64.ActiveCfg = Debug|x64
		{C7DA900E-798D-419E-8920-0FBFBD9EE082}.Debug|x64.Build.0 = Debug|x64
		{C7DA900E-798D-419E-8920-0FBFBD9EE082}.Debug|x86.ActiveCfg = Debug|Win32
		{C7DA900E-798D-419E-8920-0FBFBD9EE082}.Debug|x86.Build.0 = Debug|Win32
		{C7DA900E-798D-419E-8920-0FBFBD9EE082}.Release|x64.ActiveCfg = Release|x64
		{C7DA900E-798D-419E-8920-0FBFBD9EE082}.Release|x64.Build.0 = Release|x64
		{C7DA900E-798D-419E-8920-0FBFBD9EE082}.Release|x86.ActiveCfg = Release|Win32
		{C7DA900E-798D-419E-8920-0FBFBD9EE082}.Release|x86.Build.0 = Release|Win32
		{D0BB7CAD-BFFD-44CF-8971-3A1F1A38F03D}.Debug|x64.ActiveCfg = Debug|x64
		{D0BB7CAD-BFFD-44CF-8971-3A1F1A38F03D}.Debug|x64.Build.0 = Debug|x64
		{D0BB7CAD-BFFD-44CF-8971-3A1F1A38F03D}.Debug|x86.ActiveCfg = Debug|Win32
		{D0BB7CAD-BFFD-44CF-8971-3A1F1A38F03D}.Debug|x86.Build.0 = Debug|Win32
		{D0BB7CAD-BFFD-44CF-8971-3A1F1A38F03D}.Release|x64.ActiveCfg = Release|x64
		{D0BB7CAD-BFFD-44CF-8971-3A1F1A38F03D}.Release|x64.Build.0 = Release|x64
		{D0BB7CAD-BFFD-44CF-8971-3A1F1A38F03D}.Release|x86.ActiveCfg = Release|Win32
		{D0BB7CAD-BFFD-44CF-8971-3A1F1A38F03D}.Release|x86.Build.0 = Release|Win32
		{5D479243-3FE4-4FF0-B632-D11B5E5427E5}.Debug|x64.ActiveCfg = Debug|x64
		{5D479243-3FE4-4FF0-B632-D11B5E5427E5}.Debug|x64.Build.0 = Debug|x64
		{5D479243-3FE4-4FF0-B632-D11B5E5427E5}.Debug|x86.ActiveCfg = Debug|Win32
		{5D479243-3FE4-4FF0-B632-D11B5E5427E5}.Debug|x86.Build.0 = Debug|Win32
		{5D479243-3FE4-4FF0-B632-D11B5E5427E5}.Release|x64.ActiveCfg = Release|x64
		{5D479243-3FE4-4FF0-B632-D11B5E5427E5}.Release|x64.Build.0 = Release|x64
		{5D479243-3FE4-4FF0-B632-D11B5E5427E5}.Release|x86.ActiveCfg = Release|Win32
		{5D479243-3FE4-4FF0-B632-D11B5E5427E5}.Release|x86.Build.0 = Release|Win32
		{13A3C150-84F7-47AF-A36E-FFB456FC0D76}.Debug|x64.ActiveCfg = Debug|x64
		{13A3C150-84F7-47AF-A36E-FFB456FC0D76}.Debug|x64.Build.0 = Debug|x64
		{13A3C150-84F7-47AF-A36E-FFB456FC0D76}.Debug|x86.ActiveCfg = Debug|Win32
		{13A3C150-84F7-47AF-A36E-FFB456FC0D76}.Debug|x86.Build.0 = Debug|Win32
		{13A3C150-84F7-47AF-A36E-FFB456FC0D76}.Release|x64.ActiveCfg = Release|x64
		{13A3C150-84F7-47AF-A36E-FFB456FC0D76}.Release|x64.Build.0 = Release|x64
		{13A3C150-84F7-47AF-A36E-FFB456FC0D76}.Release|x86.ActiveCfg = Release|Win32
		{13A3C150-84F7-47AF-A36E-FFB456FC0D76}.Release|x86.Build.0 = Release|Win32
		{DFE54062-8F38-4A92-B2CC-3369866A31A4}.Debug|x64.ActiveCfg = Debug|x64
		{DFE54062-8F38-4A92-B2CC-3369866A31A4}.Debug|x64.Build.0 = Debug|x64
		{DFE54062-8F38-4A92-B2CC-3369866A31A4}.Debug|x86.ActiveCfg = Debug|Win32
		{DFE54062-8F38-4A92-B2CC-3369866A31A4}.Debug|x86.Build.0 = Debug|Win32
		{DFE54062-8F38-4A92-B2CC-3369866A31A4}.Release|x64.ActiveCfg = Release|x64
		{DFE54062-8F38-4A92-B2CC-3369866A31A4}.Release|x64.Build.0 = Release|x64
		{DFE54062-8F38-4A92-B2CC-3369866A31A4}.Release|x86.ActiveCfg = Release|Win32
		{DFE54062-8F38-4A92-B2CC-3369866A31A4}.Release|x86.Build.0 = Release|Win32
		{E2E2365D-BB9D-4E57-838E-EE64A32DF7CF}.Debug|x64.ActiveCfg = Debug|x64
		{E2E2365D-BB9D-4E57-838E-EE64A32DF7CF}.Debug|x64.Build.0 = Debug|x64
		{E2E2365D-BB9D-4E57-838E-EE64A32DF7CF}.Debug|x86.ActiveCfg = Debug|Win32
		{E2E2365D-BB9D-4E57-838E-EE64A32DF7CF}.Debug|x86.Build.0 = Debug|Win32
		{E2E2365D-BB9D-4E57-838E-EE64A32DF7CF}.Release|x64.ActiveCfg = Release|x64
		{E2E2365D-BB9D-4E57-838E-EE64A32DF7CF}.Release|x64.Build.0 = Release|x64
		{E2E2365D-BB9D-4E57-838E-EE64A32DF7CF}.Release|x86.ActiveCfg = Release|Win32
		{E2E2365D-BB9D-4E57-838E-EE64A32DF7CF}.Release|x86.Build.0 = Release|Win32
		{AA44FC22-10FB-43B8-BC2B-C62120435FD0}.Debug|x64.ActiveCfg = Debug|x64
		{AA44FC22-10FB-43B8-BC2B-C62120435FD0}.Debug|x64.Build.0 = Debug|x64
		{AA44FC22-10FB-43B8-BC2B-C62120435FD0}.Debug|x86.ActiveCfg = Debug|Win32
		{AA44FC22-10FB-43B8-BC2B-C62120435FD0}.Debug|x86.Build.0 = Debug|Win32
		{AA44FC22-10FB-43B8-BC2B-C62120435FD0}.Release|x64.ActiveCfg = Release|x64
		{AA44FC22-10FB-43B8-BC2B-C62120435FD0}.Release|x64.Build.0 = Release|x64
		{AA44FC22-10FB-43B8-BC2B-C62120435FD0}.Release|x86.ActiveCfg = Release|Win32
		{AA44FC22-10FB-43B8-BC2B-C62120435FD0}.Release|x86.Build.0 = Release|Win32
		{66B6764D-65C2-40D5-B49A-C528F1C730B2}.Debug|x64.ActiveCfg = Debug|x64
		{66B6764D-65C2-40D5-B49A-C528F1C730B2}.Debug|x64.Build.0 = Debug|x64
		{66B6764D-65C2-40D5-B49A-C528F1C730B2}.Debug|x86.ActiveCfg = Debug|Win32
		{66B6764D-65C2-40D5-B49A-C528F1C730B2}.Debug|x86.Build.0 = Debug|Win32
		{66B6764D-65C2-40D5-B49A-C528F1C730B2}.Release|x64.ActiveCfg = Release|x64
		{66B6764D-65C2-40D5-B49A-C528F1C730B2}.Release|x64.Build.0 = Release|x64
		{66B6764D-65C2-40D5-B49A-C528F1C730B2}.Release|x86.ActiveCfg = Release|Win32
		{66B6764D-65C2-40D5-B49A-C528F1C730B2}.Release|x86.Build.0 = Release|Win32
		{7CB0CCAB-DC99-43BC-AA3B-90C6A3B52397}.Debug|x64.ActiveCfg = Debug|x64
		{7CB0CCAB-DC99-43BC-AA3B-90C6A3B52397}.Debug|x64.Build.0 = Debug|x64
		{7CB0CCAB-DC99-43BC-AA3B-90C6A3B52397}.Debug|x86.ActiveCfg = Debug|Win32
		{7CB0CCAB-DC99-43BC-AA3B-90C6A3B52397}.Debug|x86.Build.0 = Debug|Win32
		{7CB0CCAB-DC99-43BC-AA3B-90C6A3B52397}.Release|x64.ActiveCfg = Release|x64
		{7CB0CCAB-DC99-43BC-AA3B-90C6A3B52397}.Release|x64.Build.0 = Release|x64
		{7CB0CCAB-DC99-43BC-AA3B-90C6A3B52397}.Release|x86.ActiveCfg = Release|Win32
		{7CB0CCAB-DC99-43BC-AA3B-90C6A3B52397}.Release|x86.Build.0 = Release|Win32
		{04DF808D-CADA-450E-962D-FDCF77E7A51F}.Debug|x64.ActiveCfg = Debug|x64
		{04DF808D-CADA-450E-962D-FDCF77E7A51F}.Debug|x64.Build.0 = Debug|x64
		{04DF808D-CADA-450E-962D-FDCF77E7A51F}.Debug|x86.ActiveCfg = Debug|Win32
		{04DF808D-CADA-450E-962D-FDCF77E7A51F}.Debug|x86.Build.0 = Debug|Win32
		{04DF808D-CADA-450E-962D-FDCF77E7A51F}.Release|x64.ActiveCfg = Release|x64
		{04DF808D-CADA-450E-962D-FDCF77E7A51F}.Release|x64.Build.0 = Release|x64
		{04DF808D-CADA-450E-962D-FDCF77E7A51F}.Release|x86.ActiveCfg = Release|Win32
		{04DF808D-CADA-450E-962D-FDCF77E7A51F}.Release|x86.Build.0 = Release|Win32
	EndGlobalSection
	GlobalSection(SolutionProperties) = preSolution
		HideSolutionNode = FALSE
	EndGlobalSection
	GlobalSection(ExtensibilityGlobals) = postSolution
		SolutionGuid = {0E7FB7E2-BF79-42A3-BD12-1C557E27CF47}
	EndGlobalSection
EndGlobal
